// !$*UTF8*$!
{
	archiveVersion = 1;
	classes = {
	};
	objectVersion = 50;
	objects = {

/* Begin PBXBuildFile section */
		84FA48482463FC6200B44D9C /* AppDelegate.swift in Sources */ = {isa = PBXBuildFile; fileRef = 84FA48472463FC6200B44D9C /* AppDelegate.swift */; };
		84FA484A2463FC6200B44D9C /* SceneDelegate.swift in Sources */ = {isa = PBXBuildFile; fileRef = 84FA48492463FC6200B44D9C /* SceneDelegate.swift */; };
		84FA484C2463FC6200B44D9C /* ViewController.swift in Sources */ = {isa = PBXBuildFile; fileRef = 84FA484B2463FC6200B44D9C /* ViewController.swift */; };
		84FA484F2463FC6200B44D9C /* Main.storyboard in Resources */ = {isa = PBXBuildFile; fileRef = 84FA484D2463FC6200B44D9C /* Main.storyboard */; };
		84FA48512463FC6300B44D9C /* Assets.xcassets in Resources */ = {isa = PBXBuildFile; fileRef = 84FA48502463FC6300B44D9C /* Assets.xcassets */; };
		84FA48542463FC6300B44D9C /* LaunchScreen.storyboard in Resources */ = {isa = PBXBuildFile; fileRef = 84FA48522463FC6300B44D9C /* LaunchScreen.storyboard */; };
/* End PBXBuildFile section */

/* Begin PBXFileReference section */
		84FA48442463FC6200B44D9C /* Bull's Eye.app */ = {isa = PBXFileReference; explicitFileType = wrapper.application; includeInIndex = 0; path = "Bull's Eye.app"; sourceTree = BUILT_PRODUCTS_DIR; };
		84FA48472463FC6200B44D9C /* AppDelegate.swift */ = {isa = PBXFileReference; lastKnownFileType = sourcecode.swift; path = AppDelegate.swift; sourceTree = "<group>"; };
		84FA48492463FC6200B44D9C /* SceneDelegate.swift */ = {isa = PBXFileReference; lastKnownFileType = sourcecode.swift; path = SceneDelegate.swift; sourceTree = "<group>"; };
		84FA484B2463FC6200B44D9C /* ViewController.swift */ = {isa = PBXFileReference; lastKnownFileType = sourcecode.swift; path = ViewController.swift; sourceTree = "<group>"; };
		84FA484E2463FC6200B44D9C /* Base */ = {isa = PBXFileReference; lastKnownFileType = file.storyboard; name = Base; path = Base.lproj/Main.storyboard; sourceTree = "<group>"; };
		84FA48502463FC6300B44D9C /* Assets.xcassets */ = {isa = PBXFileReference; lastKnownFileType = folder.assetcatalog; path = Assets.xcassets; sourceTree = "<group>"; };
		84FA48532463FC6300B44D9C /* Base */ = {isa = PBXFileReference; lastKnownFileType = file.storyboard; name = Base; path = Base.lproj/LaunchScreen.storyboard; sourceTree = "<group>"; };
		84FA48552463FC6300B44D9C /* Info.plist */ = {isa = PBXFileReference; lastKnownFileType = text.plist.xml; path = Info.plist; sourceTree = "<group>"; };
/* End PBXFileReference section */

/* Begin PBXFrameworksBuildPhase section */
		84FA48412463FC6200B44D9C /* Frameworks */ = {
			isa = PBXFrameworksBuildPhase;
			buildActionMask = 2147483647;
			files = (
			);
			runOnlyForDeploymentPostprocessing = 0;
		};
/* End PBXFrameworksBuildPhase section */

/* Begin PBXGroup section */
		84FA483B2463FC6200B44D9C = {
			isa = PBXGroup;
			children = (
				84FA48462463FC6200B44D9C /* Bull's Eye */,
				84FA48452463FC6200B44D9C /* Products */,
			);
			sourceTree = "<group>";
		};
		84FA48452463FC6200B44D9C /* Products */ = {
			isa = PBXGroup;
			children = (
				84FA48442463FC6200B44D9C /* Bull's Eye.app */,
			);
			name = Products;
			sourceTree = "<group>";
		};
		84FA48462463FC6200B44D9C /* Bull's Eye */ = {
			isa = PBXGroup;
			children = (
				84FA48472463FC6200B44D9C /* AppDelegate.swift */,
				84FA48492463FC6200B44D9C /* SceneDelegate.swift */,
				84FA484B2463FC6200B44D9C /* ViewController.swift */,
				84FA484D2463FC6200B44D9C /* Main.storyboard */,
				84FA48502463FC6300B44D9C /* Assets.xcassets */,
				84FA48522463FC6300B44D9C /* LaunchScreen.storyboard */,
				84FA48552463FC6300B44D9C /* Info.plist */,
			);
			path = "Bull's Eye";
			sourceTree = "<group>";
		};
/* End PBXGroup section */

/* Begin PBXNativeTarget section */
		84FA48432463FC6200B44D9C /* Bull's Eye */ = {
			isa = PBXNativeTarget;
			buildConfigurationList = 84FA48582463FC6300B44D9C /* Build configuration list for PBXNativeTarget "Bull's Eye" */;
			buildPhases = (
				84FA48402463FC6200B44D9C /* Sources */,
				84FA48412463FC6200B44D9C /* Frameworks */,
				84FA48422463FC6200B44D9C /* Resources */,
			);
			buildRules = (
			);
			dependencies = (
			);
			name = "Bull's Eye";
			productName = "Bull's Eye";
			productReference = 84FA48442463FC6200B44D9C /* Bull's Eye.app */;
			productType = "com.apple.product-type.application";
		};
/* End PBXNativeTarget section */

/* Begin PBXProject section */
		84FA483C2463FC6200B44D9C /* Project object */ = {
			isa = PBXProject;
			attributes = {
				LastSwiftUpdateCheck = 1130;
				LastUpgradeCheck = 1130;
				ORGANIZATIONNAME = "Sisitha Jayawardhane";
				TargetAttributes = {
					84FA48432463FC6200B44D9C = {
						CreatedOnToolsVersion = 11.3.1;
					};
				};
			};
			buildConfigurationList = 84FA483F2463FC6200B44D9C /* Build configuration list for PBXProject "Bull's Eye" */;
			compatibilityVersion = "Xcode 9.3";
			developmentRegion = en;
			hasScannedForEncodings = 0;
			knownRegions = (
				en,
				Base,
			);
			mainGroup = 84FA483B2463FC6200B44D9C;
			productRefGroup = 84FA48452463FC6200B44D9C /* Products */;
			projectDirPath = "";
			projectRoot = "";
			targets = (
				84FA48432463FC6200B44D9C /* Bull's Eye */,
			);
		};
/* End PBXProject section */

/* Begin PBXResourcesBuildPhase section */
		84FA48422463FC6200B44D9C /* Resources */ = {
			isa = PBXResourcesBuildPhase;
			buildActionMask = 2147483647;
			files = (
				84FA48542463FC6300B44D9C /* LaunchScreen.storyboard in Resources */,
				84FA48512463FC6300B44D9C /* Assets.xcassets in Resources */,
				84FA484F2463FC6200B44D9C /* Main.storyboard in Resources */,
			);
			runOnlyForDeploymentPostprocessing = 0;
		};
/* End PBXResourcesBuildPhase section */

/* Begin PBXSourcesBuildPhase section */
		84FA48402463FC6200B44D9C /* Sources */ = {
			isa = PBXSourcesBuildPhase;
			buildActionMask = 2147483647;
			files = (
				84FA484C2463FC6200B44D9C /* ViewController.swift in Sources */,
				84FA48482463FC6200B44D9C /* AppDelegate.swift in Sources */,
				84FA484A2463FC6200B44D9C /* SceneDelegate.swift in Sources */,
			);
			runOnlyForDeploymentPostprocessing = 0;
		};
/* End PBXSourcesBuildPhase section */

/* Begin PBXVariantGroup section */
		84FA484D2463FC6200B44D9C /* Main.storyboard */ = {
			isa = PBXVariantGroup;
			children = (
				84FA484E2463FC6200B44D9C /* Base */,
			);
			name = Main.storyboard;
			sourceTree = "<group>";
		};
		84FA48522463FC6300B44D9C /* LaunchScreen.storyboard */ = {
			isa = PBXVariantGroup;
			children = (
				84FA48532463FC6300B44D9C /* Base */,
			);
			name = LaunchScreen.storyboard;
			sourceTree = "<group>";
		};
/* End PBXVariantGroup section */

/* Begin XCBuildConfiguration section */
		84FA48562463FC6300B44D9C /* Debug */ = {
			isa = XCBuildConfiguration;
			buildSettings = {
				ALWAYS_SEARCH_USER_PATHS = NO;
				CLANG_ANALYZER_NONNULL = YES;
				CLANG_ANALYZER_NUMBER_OBJECT_CONVERSION = YES_AGGRESSIVE;
				CLANG_CXX_LANGUAGE_STANDARD = "gnu++14";
				CLANG_CXX_LIBRARY = "libc++";
				CLANG_ENABLE_MODULES = YES;
				CLANG_ENABLE_OBJC_ARC = YES;
				CLANG_ENABLE_OBJC_WEAK = YES;
				CLANG_WARN_BLOCK_CAPTURE_AUTORELEASING = YES;
				CLANG_WARN_BOOL_CONVERSION = YES;
				CLANG_WARN_COMMA = YES;
				CLANG_WARN_CONSTANT_CONVERSION = YES;
				CLANG_WARN_DEPRECATED_OBJC_IMPLEMENTATIONS = YES;
				CLANG_WARN_DIRECT_OBJC_ISA_USAGE = YES_ERROR;
				CLANG_WARN_DOCUMENTATION_COMMENTS = YES;
				CLANG_WARN_EMPTY_BODY = YES;
				CLANG_WARN_ENUM_CONVERSION = YES;
				CLANG_WARN_INFINITE_RECURSION = YES;
				CLANG_WARN_INT_CONVERSION = YES;
				CLANG_WARN_NON_LITERAL_NULL_CONVERSION = YES;
				CLANG_WARN_OBJC_IMPLICIT_RETAIN_SELF = YES;
				CLANG_WARN_OBJC_LITERAL_CONVERSION = YES;
				CLANG_WARN_OBJC_ROOT_CLASS = YES_ERROR;
				CLANG_WARN_RANGE_LOOP_ANALYSIS = YES;
				CLANG_WARN_STRICT_PROTOTYPES = YES;
				CLANG_WARN_SUSPICIOUS_MOVE = YES;
				CLANG_WARN_UNGUARDED_AVAILABILITY = YES_AGGRESSIVE;
				CLANG_WARN_UNREACHABLE_CODE = YES;
				CLANG_WARN__DUPLICATE_METHOD_MATCH = YES;
				COPY_PHASE_STRIP = NO;
				DEBUG_INFORMATION_FORMAT = dwarf;
				ENABLE_STRICT_OBJC_MSGSEND = YES;
				ENABLE_TESTABILITY = YES;
				GCC_C_LANGUAGE_STANDARD = gnu11;
				GCC_DYNAMIC_NO_PIC = NO;
				GCC_NO_COMMON_BLOCKS = YES;
				GCC_OPTIMIZATION_LEVEL = 0;
				GCC_PREPROCESSOR_DEFINITIONS = (
					"DEBUG=1",
					"$(inherited)",
				);
				GCC_WARN_64_TO_32_BIT_CONVERSION = YES;
				GCC_WARN_ABOUT_RETURN_TYPE = YES_ERROR;
				GCC_WARN_UNDECLARED_SELECTOR = YES;
				GCC_WARN_UNINITIALIZED_AUTOS = YES_AGGRESSIVE;
				GCC_WARN_UNUSED_FUNCTION = YES;
				GCC_WARN_UNUSED_VARIABLE = YES;
				IPHONEOS_DEPLOYMENT_TARGET = 13.2;
				MTL_ENABLE_DEBUG_INFO = INCLUDE_SOURCE;
				MTL_FAST_MATH = YES;
				ONLY_ACTIVE_ARCH = YES;
				SDKROOT = iphoneos;
				SWIFT_ACTIVE_COMPILATION_CONDITIONS = DEBUG;
				SWIFT_OPTIMIZATION_LEVEL = "-Onone";
			};
			name = Debug;
		};
		84FA48572463FC6300B44D9C /* Release */ = {
			isa = XCBuildConfiguration;
			buildSettings = {
				ALWAYS_SEARCH_USER_PATHS = NO;
				CLANG_ANALYZER_NONNULL = YES;
				CLANG_ANALYZER_NUMBER_OBJECT_CONVERSION = YES_AGGRESSIVE;
				CLANG_CXX_LANGUAGE_STANDARD = "gnu++14";
				CLANG_CXX_LIBRARY = "libc++";
				CLANG_ENABLE_MODULES = YES;
				CLANG_ENABLE_OBJC_ARC = YES;
				CLANG_ENABLE_OBJC_WEAK = YES;
				CLANG_WARN_BLOCK_CAPTURE_AUTORELEASING = YES;
				CLANG_WARN_BOOL_CONVERSION = YES;
				CLANG_WARN_COMMA = YES;
				CLANG_WARN_CONSTANT_CONVERSION = YES;
				CLANG_WARN_DEPRECATED_OBJC_IMPLEMENTATIONS = YES;
				CLANG_WARN_DIRECT_OBJC_ISA_USAGE = YES_ERROR;
				CLANG_WARN_DOCUMENTATION_COMMENTS = YES;
				CLANG_WARN_EMPTY_BODY = YES;
				CLANG_WARN_ENUM_CONVERSION = YES;
				CLANG_WARN_INFINITE_RECURSION = YES;
				CLANG_WARN_INT_CONVERSION = YES;
				CLANG_WARN_NON_LITERAL_NULL_CONVERSION = YES;
				CLANG_WARN_OBJC_IMPLICIT_RETAIN_SELF = YES;
				CLANG_WARN_OBJC_LITERAL_CONVERSION = YES;
				CLANG_WARN_OBJC_ROOT_CLASS = YES_ERROR;
				CLANG_WARN_RANGE_LOOP_ANALYSIS = YES;
				CLANG_WARN_STRICT_PROTOTYPES = YES;
				CLANG_WARN_SUSPICIOUS_MOVE = YES;
				CLANG_WARN_UNGUARDED_AVAILABILITY = YES_AGGRESSIVE;
				CLANG_WARN_UNREACHABLE_CODE = YES;
				CLANG_WARN__DUPLICATE_METHOD_MATCH = YES;
				COPY_PHASE_STRIP = NO;
				DEBUG_INFORMATION_FORMAT = "dwarf-with-dsym";
				ENABLE_NS_ASSERTIONS = NO;
				ENABLE_STRICT_OBJC_MSGSEND = YES;
				GCC_C_LANGUAGE_STANDARD = gnu11;
				GCC_NO_COMMON_BLOCKS = YES;
				GCC_WARN_64_TO_32_BIT_CONVERSION = YES;
				GCC_WARN_ABOUT_RETURN_TYPE = YES_ERROR;
				GCC_WARN_UNDECLARED_SELECTOR = YES;
				GCC_WARN_UNINITIALIZED_AUTOS = YES_AGGRESSIVE;
				GCC_WARN_UNUSED_FUNCTION = YES;
				GCC_WARN_UNUSED_VARIABLE = YES;
				IPHONEOS_DEPLOYMENT_TARGET = 13.2;
				MTL_ENABLE_DEBUG_INFO = NO;
				MTL_FAST_MATH = YES;
				SDKROOT = iphoneos;
				SWIFT_COMPILATION_MODE = wholemodule;
				SWIFT_OPTIMIZATION_LEVEL = "-O";
				VALIDATE_PRODUCT = YES;
			};
			name = Release;
		};
		84FA48592463FC6300B44D9C /* Debug */ = {
			isa = XCBuildConfiguration;
			buildSettings = {
				ASSETCATALOG_COMPILER_APPICON_NAME = AppIcon;
				CODE_SIGN_STYLE = Automatic;
				DEVELOPMENT_TEAM = NCGHUQHD22;
				INFOPLIST_FILE = "Bull's Eye/Info.plist";
				LD_RUNPATH_SEARCH_PATHS = (
					"$(inherited)",
					"@executable_path/Frameworks",
				);
				PRODUCT_BUNDLE_IDENTIFIER = "com.sj.Bull-s-Eye";
				PRODUCT_NAME = "$(TARGET_NAME)";
				SWIFT_VERSION = 5.0;
				TARGETED_DEVICE_FAMILY = "1,2";
			};
			name = Debug;
		};
		84FA485A2463FC6300B44D9C /* Release */ = {
			isa = XCBuildConfiguration;
			buildSettings = {
				ASSETCATALOG_COMPILER_APPICON_NAME = AppIcon;
				CODE_SIGN_STYLE = Automatic;
				DEVELOPMENT_TEAM = NCGHUQHD22;
				INFOPLIST_FILE = "Bull's Eye/Info.plist";
				LD_RUNPATH_SEARCH_PATHS = (
					"$(inherited)",
					"@executable_path/Frameworks",
				);
				PRODUCT_BUNDLE_IDENTIFIER = "com.sj.Bull-s-Eye";
				PRODUCT_NAME = "$(TARGET_NAME)";
				SWIFT_VERSION = 5.0;
				TARGETED_DEVICE_FAMILY = "1,2";
			};
			name = Release;
		};
/* End XCBuildConfiguration section */

/* Begin XCConfigurationList section */
		84FA483F2463FC6200B44D9C /* Build configuration list for PBXProject "Bull's Eye" */ = {
			isa = XCConfigurationList;
			buildConfigurations = (
				84FA48562463FC6300B44D9C /* Debug */,
				84FA48572463FC6300B44D9C /* Release */,
			);
			defaultConfigurationIsVisible = 0;
			defaultConfigurationName = Release;
		};
		84FA48582463FC6300B44D9C /* Build configuration list for PBXNativeTarget "Bull's Eye" */ = {
			isa = XCConfigurationList;
			buildConfigurations = (
				84FA48592463FC6300B44D9C /* Debug */,
				84FA485A2463FC6300B44D9C /* Release */,
			);
			defaultConfigurationIsVisible = 0;
			defaultConfigurationName = Release;
		};
/* End XCConfigurationList section */
	};
	rootObject = 84FA483C2463FC6200B44D9C /* Project object */;
}
